
Microsoft Visual Studio Solution File, Format Version 12.00
# Visual Studio Version 17
VisualStudioVersion = 17.13.35931.197 d17.13
MinimumVisualStudioVersion = 10.0.40219.1
Project("{FAE04EC0-301F-11D3-BF4B-00C04F79EFBC}") = "ConsoleApp3", "ConsoleApp3\ConsoleApp3.csproj", "{87B9CF4C-69E6-4462-ABBE-80B60920A117}"
EndProject
Global
	GlobalSection(SolutionConfigurationPlatforms) = preSolution
		Debug|Any CPU = Debug|Any CPU
		Release|Any CPU = Release|Any CPU
	EndGlobalSection
	GlobalSection(ProjectConfigurationPlatforms) = postSolution
		{87B9CF4C-69E6-4462-ABBE-80B60920A117}.Debug|Any CPU.ActiveCfg = Debug|Any CPU
		{87B9CF4C-69E6-4462-ABBE-80B60920A117}.Debug|Any CPU.Build.0 = Debug|Any CPU
		{87B9CF4C-69E6-4462-ABBE-80B60920A117}.Release|Any CPU.ActiveCfg = Release|Any CPU
		{87B9CF4C-69E6-4462-ABBE-80B60920A117}.Release|Any CPU.Build.0 = Release|Any CPU
	EndGlobalSection
	GlobalSection(SolutionProperties) = preSolution
		HideSolutionNode = FALSE
	EndGlobalSection
	GlobalSection(ExtensibilityGlobals) = postSolution
		SolutionGuid = {7F181DA9-A4BA-4260-8C62-165B9266A5AB}
	EndGlobalSection
EndGlobal
